{
  "name": "angular-ultimate-pagination",
  "version": "0.0.0",
  "lockfileVersion": 1,
  "dependencies": {
    "@angular/common": {
      "version": "4.1.3",
      "resolved": "https://registry.npmjs.org/@angular/common/-/common-4.1.3.tgz",
      "integrity": "sha1-58R5HjITHPdMI5QowqZ9qrLu8Bc="
    },
    "@angular/core": {
      "version": "4.1.3",
      "resolved": "https://registry.npmjs.org/@angular/core/-/core-4.1.3.tgz",
      "integrity": "sha1-KFSY64arfQtvmC+Pn0h+9hABOzU="
    },
    "ultimate-pagination": {
      "version": "1.0.0",
      "resolved": "https://registry.npmjs.org/ultimate-pagination/-/ultimate-pagination-1.0.0.tgz",
      "integrity": "sha1-H59UZWeNdBAVnVoXLCATRl6b2F8="
    }
  }
}
